
Microsoft Visual Studio Solution File, Format Version 12.00
# Visual Studio 14
VisualStudioVersion = 14.0.25420.1
MinimumVisualStudioVersion = 10.0.40219.1
Project("{FAE04EC0-301F-11D3-BF4B-00C04F79EFBC}") = "ADEventSatelliteWin", "ADEventSatelliteWin\ADEventSatelliteWin.csproj", "{0881D7A0-60FD-452D-975A-9B0D12DCB4C0}"
EndProject
Project("{FAE04EC0-301F-11D3-BF4B-00C04F79EFBC}") = "ADEventSatellite.DTO", "..\ADEventSatellite.DTO\ADEventSatellite.DTO\ADEventSatellite.DTO.csproj", "{A6BD5EF7-18C2-442E-BB75-F05D164F4AF0}"
EndProject
Project("{FAE04EC0-301F-11D3-BF4B-00C04F79EFBC}") = "ADEventSatelliteLib", "..\ADEventSatelliteLib\ADEventSatelliteLib\ADEventSatelliteLib.csproj", "{8DE62552-31B9-404C-8150-B2492E2243E9}"
EndProject
Project("{2150E333-8FDC-42A3-9474-1A3956D46DE8}") = "Solution Items", "Solution Items", "{61EA3528-786E-4DDA-B6F4-B3B7E38A23DF}"
	ProjectSection(SolutionItems) = preProject
		..\Shared\AssemblyInfoShared.cs = ..\Shared\AssemblyInfoShared.cs
		..\..\LICENSE = ..\..\LICENSE
		..\..\README.md = ..\..\README.md
		..\Shared\SettingsShared.config = ..\Shared\SettingsShared.config
	EndProjectSection
EndProject
Global
	GlobalSection(SolutionConfigurationPlatforms) = preSolution
		Debug|Any CPU = Debug|Any CPU
		Release|Any CPU = Release|Any CPU
	EndGlobalSection
	GlobalSection(ProjectConfigurationPlatforms) = postSolution
		{0881D7A0-60FD-452D-975A-9B0D12DCB4C0}.Debug|Any CPU.ActiveCfg = Debug|Any CPU
		{0881D7A0-60FD-452D-975A-9B0D12DCB4C0}.Debug|Any CPU.Build.0 = Debug|Any CPU
		{0881D7A0-60FD-452D-975A-9B0D12DCB4C0}.Release|Any CPU.ActiveCfg = Release|Any CPU
		{0881D7A0-60FD-452D-975A-9B0D12DCB4C0}.Release|Any CPU.Build.0 = Release|Any CPU
		{A6BD5EF7-18C2-442E-BB75-F05D164F4AF0}.Debug|Any CPU.ActiveCfg = Debug|Any CPU
		{A6BD5EF7-18C2-442E-BB75-F05D164F4AF0}.Debug|Any CPU.Build.0 = Debug|Any CPU
		{A6BD5EF7-18C2-442E-BB75-F05D164F4AF0}.Release|Any CPU.ActiveCfg = Release|Any CPU
		{A6BD5EF7-18C2-442E-BB75-F05D164F4AF0}.Release|Any CPU.Build.0 = Release|Any CPU
		{8DE62552-31B9-404C-8150-B2492E2243E9}.Debug|Any CPU.ActiveCfg = Debug|Any CPU
		{8DE62552-31B9-404C-8150-B2492E2243E9}.Debug|Any CPU.Build.0 = Debug|Any CPU
		{8DE62552-31B9-404C-8150-B2492E2243E9}.Release|Any CPU.ActiveCfg = Release|Any CPU
		{8DE62552-31B9-404C-8150-B2492E2243E9}.Release|Any CPU.Build.0 = Release|Any CPU
	EndGlobalSection
	GlobalSection(SolutionProperties) = preSolution
		HideSolutionNode = FALSE
	EndGlobalSection
EndGlobal
