
Microsoft Visual Studio Solution File, Format Version 12.00
# Visual Studio 14
VisualStudioVersion = 14.0.25420.1
MinimumVisualStudioVersion = 10.0.40219.1
Project("{FAE04EC0-301F-11D3-BF4B-00C04F79EFBC}") = "ADEAdapterWin", "ADEAdapterWin\ADEAdapterWin.csproj", "{BBE87F84-9E9A-437A-9EB3-7E3E55F7BE36}"
EndProject
Project("{FAE04EC0-301F-11D3-BF4B-00C04F79EFBC}") = "ADEAdapterLib", "..\ADEAdapterLib\ADEAdapterLib\ADEAdapterLib.csproj", "{347BBFCF-9A41-41A8-87D0-D0ABF4F60E32}"
EndProject
Global
	GlobalSection(SolutionConfigurationPlatforms) = preSolution
		Debug|Any CPU = Debug|Any CPU
		Release|Any CPU = Release|Any CPU
	EndGlobalSection
	GlobalSection(ProjectConfigurationPlatforms) = postSolution
		{BBE87F84-9E9A-437A-9EB3-7E3E55F7BE36}.Debug|Any CPU.ActiveCfg = Debug|Any CPU
		{BBE87F84-9E9A-437A-9EB3-7E3E55F7BE36}.Debug|Any CPU.Build.0 = Debug|Any CPU
		{BBE87F84-9E9A-437A-9EB3-7E3E55F7BE36}.Release|Any CPU.ActiveCfg = Release|Any CPU
		{BBE87F84-9E9A-437A-9EB3-7E3E55F7BE36}.Release|Any CPU.Build.0 = Release|Any CPU
		{347BBFCF-9A41-41A8-87D0-D0ABF4F60E32}.Debug|Any CPU.ActiveCfg = Debug|Any CPU
		{347BBFCF-9A41-41A8-87D0-D0ABF4F60E32}.Debug|Any CPU.Build.0 = Debug|Any CPU
		{347BBFCF-9A41-41A8-87D0-D0ABF4F60E32}.Release|Any CPU.ActiveCfg = Release|Any CPU
		{347BBFCF-9A41-41A8-87D0-D0ABF4F60E32}.Release|Any CPU.Build.0 = Release|Any CPU
	EndGlobalSection
	GlobalSection(SolutionProperties) = preSolution
		HideSolutionNode = FALSE
	EndGlobalSection
EndGlobal
