
Microsoft Visual Studio Solution File, Format Version 12.00
# Visual Studio 15
VisualStudioVersion = 15.0.27703.2047
MinimumVisualStudioVersion = 10.0.40219.1
Project("{FAE04EC0-301F-11D3-BF4B-00C04F79EFBC}") = "ADEventService", "ADEventService\ADEventService.csproj", "{683986BE-B03F-453A-B725-2358B69C20A2}"
EndProject
Project("{FAE04EC0-301F-11D3-BF4B-00C04F79EFBC}") = "ADEventSatellite.DTO", "..\..\ADEventSatellite\ADEventSatellite.DTO\ADEventSatellite.DTO\ADEventSatellite.DTO.csproj", "{A6BD5EF7-18C2-442E-BB75-F05D164F4AF0}"
EndProject
Project("{FAE04EC0-301F-11D3-BF4B-00C04F79EFBC}") = "ADEventService.DTO", "..\ADEventService.DTO\ADEventService.DTO\ADEventService.DTO.csproj", "{F63E4ECC-9AFE-4874-AACC-B0B180647942}"
EndProject
Project("{FAE04EC0-301F-11D3-BF4B-00C04F79EFBC}") = "ADEventServiceLib", "..\ADEventServiceLib\ADEventServiceLib\ADEventServiceLib.csproj", "{A8DBFC48-61CF-4AA8-9CAB-78594E2D058D}"
EndProject
Project("{2150E333-8FDC-42A3-9474-1A3956D46DE8}") = "Solution Items", "Solution Items", "{7136B961-78C2-47E4-80E2-58CE3277F376}"
	ProjectSection(SolutionItems) = preProject
		..\Shared\AssemblyInfoShared.cs = ..\Shared\AssemblyInfoShared.cs
		..\..\LICENSE = ..\..\LICENSE
		..\..\README.md = ..\..\README.md
		..\Shared\SettingsShared.config = ..\Shared\SettingsShared.config
	EndProjectSection
EndProject
Global
	GlobalSection(SolutionConfigurationPlatforms) = preSolution
		Debug|Any CPU = Debug|Any CPU
		Release|Any CPU = Release|Any CPU
	EndGlobalSection
	GlobalSection(ProjectConfigurationPlatforms) = postSolution
		{683986BE-B03F-453A-B725-2358B69C20A2}.Debug|Any CPU.ActiveCfg = Debug|Any CPU
		{683986BE-B03F-453A-B725-2358B69C20A2}.Debug|Any CPU.Build.0 = Debug|Any CPU
		{683986BE-B03F-453A-B725-2358B69C20A2}.Release|Any CPU.ActiveCfg = Release|Any CPU
		{683986BE-B03F-453A-B725-2358B69C20A2}.Release|Any CPU.Build.0 = Release|Any CPU
		{A6BD5EF7-18C2-442E-BB75-F05D164F4AF0}.Debug|Any CPU.ActiveCfg = Debug|Any CPU
		{A6BD5EF7-18C2-442E-BB75-F05D164F4AF0}.Debug|Any CPU.Build.0 = Debug|Any CPU
		{A6BD5EF7-18C2-442E-BB75-F05D164F4AF0}.Release|Any CPU.ActiveCfg = Release|Any CPU
		{A6BD5EF7-18C2-442E-BB75-F05D164F4AF0}.Release|Any CPU.Build.0 = Release|Any CPU
		{F63E4ECC-9AFE-4874-AACC-B0B180647942}.Debug|Any CPU.ActiveCfg = Debug|Any CPU
		{F63E4ECC-9AFE-4874-AACC-B0B180647942}.Debug|Any CPU.Build.0 = Debug|Any CPU
		{F63E4ECC-9AFE-4874-AACC-B0B180647942}.Release|Any CPU.ActiveCfg = Release|Any CPU
		{F63E4ECC-9AFE-4874-AACC-B0B180647942}.Release|Any CPU.Build.0 = Release|Any CPU
		{A8DBFC48-61CF-4AA8-9CAB-78594E2D058D}.Debug|Any CPU.ActiveCfg = Debug|Any CPU
		{A8DBFC48-61CF-4AA8-9CAB-78594E2D058D}.Debug|Any CPU.Build.0 = Debug|Any CPU
		{A8DBFC48-61CF-4AA8-9CAB-78594E2D058D}.Release|Any CPU.ActiveCfg = Release|Any CPU
		{A8DBFC48-61CF-4AA8-9CAB-78594E2D058D}.Release|Any CPU.Build.0 = Release|Any CPU
	EndGlobalSection
	GlobalSection(SolutionProperties) = preSolution
		HideSolutionNode = FALSE
	EndGlobalSection
	GlobalSection(ExtensibilityGlobals) = postSolution
		SolutionGuid = {D881049F-D9F2-4C6D-918B-41CD3BFFB4AC}
	EndGlobalSection
EndGlobal
